Microsoft Visual Studio Solution File, Format Version 12.00
# Visual Studio Version 17
VisualStudioVersion = 17.0.31903.59
MinimumVisualStudioVersion = 10.0.40219.1
Project("{2150E333-8FDC-42A3-9474-1A3956D46DE8}") = "src", "src", "{827E0CD3-B72D-47B6-A68D-7590B98EB39B}"
EndProject
Project("{FAE04EC0-301F-11D3-BF4B-00C04F79EFBC}") = "NarutoAutoGUI", "src\NarutoAutoGUI\NarutoAutoGUI.csproj", "{58AB50A6-4EB5-40FC-B20C-C02FD8231A52}"
EndProject
Project("{FAE04EC0-301F-11D3-BF4B-00C04F79EFBC}") = "NarutoAutoGUI.ProjectModel", "src\NarutoAutoGUI.ProjectModel\NarutoAutoGUI.ProjectModel.csproj", "{935F48D6-2053-4407-BE01-D73D5A5784A3}"
EndProject
Project("{FAE04EC0-301F-11D3-BF4B-00C04F79EFBC}") = "NarutoAutoGUI.Protocol", "src\NarutoAutoGUI.Protocol\NarutoAutoGUI.Protocol.csproj", "{A4A350D7-5B45-451A-B768-5652E7A2C43F}"
EndProject
Project("{FAE04EC0-301F-11D3-BF4B-00C04F79EFBC}") = "NarutoAutoWorker", "src\NarutoAutoWorker\NarutoAutoWorker.csproj", "{60CEC22F-6DDB-4693-A1F9-BD65065B59FD}"
EndProject
Global
	GlobalSection(SolutionConfigurationPlatforms) = preSolution
		Debug|Any CPU = Debug|Any CPU
		Debug|x64 = Debug|x64
		Debug|x86 = Debug|x86
		Release|Any CPU = Release|Any CPU
		Release|x64 = Release|x64
		Release|x86 = Release|x86
	EndGlobalSection
	GlobalSection(ProjectConfigurationPlatforms) = postSolution
		{58AB50A6-4EB5-40FC-B20C-C02FD8231A52}.Debug|Any CPU.ActiveCfg = Debug|x64
		{58AB50A6-4EB5-40FC-B20C-C02FD8231A52}.Debug|Any CPU.Build.0 = Debug|x64
		{58AB50A6-4EB5-40FC-B20C-C02FD8231A52}.Debug|x64.ActiveCfg = Debug|x64
		{58AB50A6-4EB5-40FC-B20C-C02FD8231A52}.Debug|x64.Build.0 = Debug|x64
		{58AB50A6-4EB5-40FC-B20C-C02FD8231A52}.Debug|x86.ActiveCfg = Debug|x64
		{58AB50A6-4EB5-40FC-B20C-C02FD8231A52}.Debug|x86.Build.0 = Debug|x64
		{58AB50A6-4EB5-40FC-B20C-C02FD8231A52}.Release|Any CPU.ActiveCfg = Release|x64
		{58AB50A6-4EB5-40FC-B20C-C02FD8231A52}.Release|Any CPU.Build.0 = Release|x64
		{58AB50A6-4EB5-40FC-B20C-C02FD8231A52}.Release|x64.ActiveCfg = Release|x64
		{58AB50A6-4EB5-40FC-B20C-C02FD8231A52}.Release|x64.Build.0 = Release|x64
		{58AB50A6-4EB5-40FC-B20C-C02FD8231A52}.Release|x86.ActiveCfg = Release|x64
		{58AB50A6-4EB5-40FC-B20C-C02FD8231A52}.Release|x86.Build.0 = Release|x64
		{935F48D6-2053-4407-BE01-D73D5A5784A3}.Debug|Any CPU.ActiveCfg = Debug|x64
		{935F48D6-2053-4407-BE01-D73D5A5784A3}.Debug|Any CPU.Build.0 = Debug|x64
		{935F48D6-2053-4407-BE01-D73D5A5784A3}.Debug|x64.ActiveCfg = Debug|x64
		{935F48D6-2053-4407-BE01-D73D5A5784A3}.Debug|x64.Build.0 = Debug|x64
		{935F48D6-2053-4407-BE01-D73D5A5784A3}.Debug|x86.ActiveCfg = Debug|x64
		{935F48D6-2053-4407-BE01-D73D5A5784A3}.Debug|x86.Build.0 = Debug|x64
		{935F48D6-2053-4407-BE01-D73D5A5784A3}.Release|Any CPU.ActiveCfg = Release|x64
		{935F48D6-2053-4407-BE01-D73D5A5784A3}.Release|Any CPU.Build.0 = Release|x64
		{935F48D6-2053-4407-BE01-D73D5A5784A3}.Release|x64.ActiveCfg = Release|x64
		{935F48D6-2053-4407-BE01-D73D5A5784A3}.Release|x64.Build.0 = Release|x64
		{935F48D6-2053-4407-BE01-D73D5A5784A3}.Release|x86.ActiveCfg = Release|x64
		{935F48D6-2053-4407-BE01-D73D5A5784A3}.Release|x86.Build.0 = Release|x64
		{A4A350D7-5B45-451A-B768-5652E7A2C43F}.Debug|Any CPU.ActiveCfg = Debug|x64
		{A4A350D7-5B45-451A-B768-5652E7A2C43F}.Debug|Any CPU.Build.0 = Debug|x64
		{A4A350D7-5B45-451A-B768-5652E7A2C43F}.Debug|x64.ActiveCfg = Debug|x64
		{A4A350D7-5B45-451A-B768-5652E7A2C43F}.Debug|x64.Build.0 = Debug|x64
		{A4A350D7-5B45-451A-B768-5652E7A2C43F}.Debug|x86.ActiveCfg = Debug|x64
		{A4A350D7-5B45-451A-B768-5652E7A2C43F}.Debug|x86.Build.0 = Debug|x64
		{A4A350D7-5B45-451A-B768-5652E7A2C43F}.Release|Any CPU.ActiveCfg = Release|x64
		{A4A350D7-5B45-451A-B768-5652E7A2C43F}.Release|Any CPU.Build.0 = Release|x64
		{A4A350D7-5B45-451A-B768-5652E7A2C43F}.Release|x64.ActiveCfg = Release|x64
		{A4A350D7-5B45-451A-B768-5652E7A2C43F}.Release|x64.Build.0 = Release|x64
		{A4A350D7-5B45-451A-B768-5652E7A2C43F}.Release|x86.ActiveCfg = Release|x64
		{A4A350D7-5B45-451A-B768-5652E7A2C43F}.Release|x86.Build.0 = Release|x64
		{60CEC22F-6DDB-4693-A1F9-BD65065B59FD}.Debug|Any CPU.ActiveCfg = Debug|x64
		{60CEC22F-6DDB-4693-A1F9-BD65065B59FD}.Debug|Any CPU.Build.0 = Debug|x64
		{60CEC22F-6DDB-4693-A1F9-BD65065B59FD}.Debug|x64.ActiveCfg = Debug|x64
		{60CEC22F-6DDB-4693-A1F9-BD65065B59FD}.Debug|x64.Build.0 = Debug|x64
		{60CEC22F-6DDB-4693-A1F9-BD65065B59FD}.Debug|x86.ActiveCfg = Debug|x64
		{60CEC22F-6DDB-4693-A1F9-BD65065B59FD}.Debug|x86.Build.0 = Debug|x64
		{60CEC22F-6DDB-4693-A1F9-BD65065B59FD}.Release|Any CPU.ActiveCfg = Release|x64
		{60CEC22F-6DDB-4693-A1F9-BD65065B59FD}.Release|Any CPU.Build.0 = Release|x64
		{60CEC22F-6DDB-4693-A1F9-BD65065B59FD}.Release|x64.ActiveCfg = Release|x64
		{60CEC22F-6DDB-4693-A1F9-BD65065B59FD}.Release|x64.Build.0 = Release|x64
		{60CEC22F-6DDB-4693-A1F9-BD65065B59FD}.Release|x86.ActiveCfg = Release|x64
		{60CEC22F-6DDB-4693-A1F9-BD65065B59FD}.Release|x86.Build.0 = Release|x64
	EndGlobalSection
	GlobalSection(SolutionProperties) = preSolution
		HideSolutionNode = FALSE
	EndGlobalSection
	GlobalSection(NestedProjects) = preSolution
		{58AB50A6-4EB5-40FC-B20C-C02FD8231A52} = {827E0CD3-B72D-47B6-A68D-7590B98EB39B}
		{935F48D6-2053-4407-BE01-D73D5A5784A3} = {827E0CD3-B72D-47B6-A68D-7590B98EB39B}
		{A4A350D7-5B45-451A-B768-5652E7A2C43F} = {827E0CD3-B72D-47B6-A68D-7590B98EB39B}
		{60CEC22F-6DDB-4693-A1F9-BD65065B59FD} = {827E0CD3-B72D-47B6-A68D-7590B98EB39B}
	EndGlobalSection
EndGlobal
